// !$*UTF8*$!
{
	archiveVersion = 1;
	classes = {
	};
	objectVersion = 55;
	objects = {

/* Begin PBXBuildFile section */
		8B45640227E9D88300B6B7B5 /* AppDelegate.swift in Sources */ = {isa = PBXBuildFile; fileRef = 8B45640127E9D88300B6B7B5 /* AppDelegate.swift */; };
		8B45640427E9D88300B6B7B5 /* SceneDelegate.swift in Sources */ = {isa = PBXBuildFile; fileRef = 8B45640327E9D88300B6B7B5 /* SceneDelegate.swift */; };
		8B45640627E9D88300B6B7B5 /* ViewController.swift in Sources */ = {isa = PBXBuildFile; fileRef = 8B45640527E9D88300B6B7B5 /* ViewController.swift */; };
		8B45640927E9D88300B6B7B5 /* Main.storyboard in Resources */ = {isa = PBXBuildFile; fileRef = 8B45640727E9D88300B6B7B5 /* Main.storyboard */; };
		8B45640B27E9D88600B6B7B5 /* Assets.xcassets in Resources */ = {isa = PBXBuildFile; fileRef = 8B45640A27E9D88600B6B7B5 /* Assets.xcassets */; };
		8B45640E27E9D88600B6B7B5 /* LaunchScreen.storyboard in Resources */ = {isa = PBXBuildFile; fileRef = 8B45640C27E9D88600B6B7B5 /* LaunchScreen.storyboard */; };
		8B45641927E9D88700B6B7B5 /* EmojiDictionaryTests.swift in Sources */ = {isa = PBXBuildFile; fileRef = 8B45641827E9D88700B6B7B5 /* EmojiDictionaryTests.swift */; };
		8B45642327E9D88700B6B7B5 /* EmojiDictionaryUITests.swift in Sources */ = {isa = PBXBuildFile; fileRef = 8B45642227E9D88700B6B7B5 /* EmojiDictionaryUITests.swift */; };
		8B45642527E9D88700B6B7B5 /* EmojiDictionaryUITestsLaunchTests.swift in Sources */ = {isa = PBXBuildFile; fileRef = 8B45642427E9D88700B6B7B5 /* EmojiDictionaryUITestsLaunchTests.swift */; };
		8B45643227E9DCA000B6B7B5 /* EmojiTableViewController.swift in Sources */ = {isa = PBXBuildFile; fileRef = 8B45643127E9DCA000B6B7B5 /* EmojiTableViewController.swift */; };
		8B45643427E9E37000B6B7B5 /* EmojiDefinitionViewController.swift in Sources */ = {isa = PBXBuildFile; fileRef = 8B45643327E9E37000B6B7B5 /* EmojiDefinitionViewController.swift */; };
		8B45643627E9E85200B6B7B5 /* Emoji.swift in Sources */ = {isa = PBXBuildFile; fileRef = 8B45643527E9E85200B6B7B5 /* Emoji.swift */; };
/* End PBXBuildFile section */

/* Begin PBXContainerItemProxy section */
		8B45641527E9D88700B6B7B5 /* PBXContainerItemProxy */ = {
			isa = PBXContainerItemProxy;
			containerPortal = 8B4563F627E9D88300B6B7B5 /* Project object */;
			proxyType = 1;
			remoteGlobalIDString = 8B4563FD27E9D88300B6B7B5;
			remoteInfo = EmojiDictionary;
		};
		8B45641F27E9D88700B6B7B5 /* PBXContainerItemProxy */ = {
			isa = PBXContainerItemProxy;
			containerPortal = 8B4563F627E9D88300B6B7B5 /* Project object */;
			proxyType = 1;
			remoteGlobalIDString = 8B4563FD27E9D88300B6B7B5;
			remoteInfo = EmojiDictionary;
		};
/* End PBXContainerItemProxy section */

/* Begin PBXFileReference section */
		8B4563FE27E9D88300B6B7B5 /* EmojiDictionary.app */ = {isa = PBXFileReference; explicitFileType = wrapper.application; includeInIndex = 0; path = EmojiDictionary.app; sourceTree = BUILT_PRODUCTS_DIR; };
		8B45640127E9D88300B6B7B5 /* AppDelegate.swift */ = {isa = PBXFileReference; lastKnownFileType = sourcecode.swift; path = AppDelegate.swift; sourceTree = "<group>"; };
		8B45640327E9D88300B6B7B5 /* SceneDelegate.swift */ = {isa = PBXFileReference; lastKnownFileType = sourcecode.swift; path = SceneDelegate.swift; sourceTree = "<group>"; };
		8B45640527E9D88300B6B7B5 /* ViewController.swift */ = {isa = PBXFileReference; lastKnownFileType = sourcecode.swift; path = ViewController.swift; sourceTree = "<group>"; };
		8B45640827E9D88300B6B7B5 /* Base */ = {isa = PBXFileReference; lastKnownFileType = file.storyboard; name = Base; path = Base.lproj/Main.storyboard; sourceTree = "<group>"; };
		8B45640A27E9D88600B6B7B5 /* Assets.xcassets */ = {isa = PBXFileReference; lastKnownFileType = folder.assetcatalog; path = Assets.xcassets; sourceTree = "<group>"; };
		8B45640D27E9D88600B6B7B5 /* Base */ = {isa = PBXFileReference; lastKnownFileType = file.storyboard; name = Base; path = Base.lproj/LaunchScreen.storyboard; sourceTree = "<group>"; };
		8B45640F27E9D88600B6B7B5 /* Info.plist */ = {isa = PBXFileReference; lastKnownFileType = text.plist.xml; path = Info.plist; sourceTree = "<group>"; };
		8B45641427E9D88700B6B7B5 /* EmojiDictionaryTests.xctest */ = {isa = PBXFileReference; explicitFileType = wrapper.cfbundle; includeInIndex = 0; path = EmojiDictionaryTests.xctest; sourceTree = BUILT_PRODUCTS_DIR; };
		8B45641827E9D88700B6B7B5 /* EmojiDictionaryTests.swift */ = {isa = PBXFileReference; lastKnownFileType = sourcecode.swift; path = EmojiDictionaryTests.swift; sourceTree = "<group>"; };
		8B45641E27E9D88700B6B7B5 /* EmojiDictionaryUITests.xctest */ = {isa = PBXFileReference; explicitFileType = wrapper.cfbundle; includeInIndex = 0; path = EmojiDictionaryUITests.xctest; sourceTree = BUILT_PRODUCTS_DIR; };
		8B45642227E9D88700B6B7B5 /* EmojiDictionaryUITests.swift */ = {isa = PBXFileReference; lastKnownFileType = sourcecode.swift; path = EmojiDictionaryUITests.swift; sourceTree = "<group>"; };
		8B45642427E9D88700B6B7B5 /* EmojiDictionaryUITestsLaunchTests.swift */ = {isa = PBXFileReference; lastKnownFileType = sourcecode.swift; path = EmojiDictionaryUITestsLaunchTests.swift; sourceTree = "<group>"; };
		8B45643127E9DCA000B6B7B5 /* EmojiTableViewController.swift */ = {isa = PBXFileReference; lastKnownFileType = sourcecode.swift; path = EmojiTableViewController.swift; sourceTree = "<group>"; };
		8B45643327E9E37000B6B7B5 /* EmojiDefinitionViewController.swift */ = {isa = PBXFileReference; lastKnownFileType = sourcecode.swift; path = EmojiDefinitionViewController.swift; sourceTree = "<group>"; };
		8B45643527E9E85200B6B7B5 /* Emoji.swift */ = {isa = PBXFileReference; lastKnownFileType = sourcecode.swift; path = Emoji.swift; sourceTree = "<group>"; };
/* End PBXFileReference section */

/* Begin PBXFrameworksBuildPhase section */
		8B4563FB27E9D88300B6B7B5 /* Frameworks */ = {
			isa = PBXFrameworksBuildPhase;
			buildActionMask = 2147483647;
			files = (
			);
			runOnlyForDeploymentPostprocessing = 0;
		};
		8B45641127E9D88700B6B7B5 /* Frameworks */ = {
			isa = PBXFrameworksBuildPhase;
			buildActionMask = 2147483647;
			files = (
			);
			runOnlyForDeploymentPostprocessing = 0;
		};
		8B45641B27E9D88700B6B7B5 /* Frameworks */ = {
			isa = PBXFrameworksBuildPhase;
			buildActionMask = 2147483647;
			files = (
			);
			runOnlyForDeploymentPostprocessing = 0;
		};
/* End PBXFrameworksBuildPhase section */

/* Begin PBXGroup section */
		8B4563F527E9D88300B6B7B5 = {
			isa = PBXGroup;
			children = (
				8B45640027E9D88300B6B7B5 /* EmojiDictionary */,
				8B45641727E9D88700B6B7B5 /* EmojiDictionaryTests */,
				8B45642127E9D88700B6B7B5 /* EmojiDictionaryUITests */,
				8B4563FF27E9D88300B6B7B5 /* Products */,
			);
			sourceTree = "<group>";
		};
		8B4563FF27E9D88300B6B7B5 /* Products */ = {
			isa = PBXGroup;
			children = (
				8B4563FE27E9D88300B6B7B5 /* EmojiDictionary.app */,
				8B45641427E9D88700B6B7B5 /* EmojiDictionaryTests.xctest */,
				8B45641E27E9D88700B6B7B5 /* EmojiDictionaryUITests.xctest */,
			);
			name = Products;
			sourceTree = "<group>";
		};
		8B45640027E9D88300B6B7B5 /* EmojiDictionary */ = {
			isa = PBXGroup;
			children = (
				8B45640127E9D88300B6B7B5 /* AppDelegate.swift */,
				8B45640327E9D88300B6B7B5 /* SceneDelegate.swift */,
				8B45640527E9D88300B6B7B5 /* ViewController.swift */,
				8B45640727E9D88300B6B7B5 /* Main.storyboard */,
				8B45643127E9DCA000B6B7B5 /* EmojiTableViewController.swift */,
				8B45643527E9E85200B6B7B5 /* Emoji.swift */,
				8B45643327E9E37000B6B7B5 /* EmojiDefinitionViewController.swift */,
				8B45640A27E9D88600B6B7B5 /* Assets.xcassets */,
				8B45640C27E9D88600B6B7B5 /* LaunchScreen.storyboard */,
				8B45640F27E9D88600B6B7B5 /* Info.plist */,
			);
			path = EmojiDictionary;
			sourceTree = "<group>";
		};
		8B45641727E9D88700B6B7B5 /* EmojiDictionaryTests */ = {
			isa = PBXGroup;
			children = (
				8B45641827E9D88700B6B7B5 /* EmojiDictionaryTests.swift */,
			);
			path = EmojiDictionaryTests;
			sourceTree = "<group>";
		};
		8B45642127E9D88700B6B7B5 /* EmojiDictionaryUITests */ = {
			isa = PBXGroup;
			children = (
				8B45642227E9D88700B6B7B5 /* EmojiDictionaryUITests.swift */,
				8B45642427E9D88700B6B7B5 /* EmojiDictionaryUITestsLaunchTests.swift */,
			);
			path = EmojiDictionaryUITests;
			sourceTree = "<group>";
		};
/* End PBXGroup section */

/* Begin PBXNativeTarget section */
		8B4563FD27E9D88300B6B7B5 /* EmojiDictionary */ = {
			isa = PBXNativeTarget;
			buildConfigurationList = 8B45642827E9D88700B6B7B5 /* Build configuration list for PBXNativeTarget "EmojiDictionary" */;
			buildPhases = (
				8B4563FA27E9D88300B6B7B5 /* Sources */,
				8B4563FB27E9D88300B6B7B5 /* Frameworks */,
				8B4563FC27E9D88300B6B7B5 /* Resources */,
			);
			buildRules = (
			);
			dependencies = (
			);
			name = EmojiDictionary;
			productName = EmojiDictionary;
			productReference = 8B4563FE27E9D88300B6B7B5 /* EmojiDictionary.app */;
			productType = "com.apple.product-type.application";
		};
		8B45641327E9D88700B6B7B5 /* EmojiDictionaryTests */ = {
			isa = PBXNativeTarget;
			buildConfigurationList = 8B45642B27E9D88700B6B7B5 /* Build configuration list for PBXNativeTarget "EmojiDictionaryTests" */;
			buildPhases = (
				8B45641027E9D88700B6B7B5 /* Sources */,
				8B45641127E9D88700B6B7B5 /* Frameworks */,
				8B45641227E9D88700B6B7B5 /* Resources */,
			);
			buildRules = (
			);
			dependencies = (
				8B45641627E9D88700B6B7B5 /* PBXTargetDependency */,
			);
			name = EmojiDictionaryTests;
			productName = EmojiDictionaryTests;
			productReference = 8B45641427E9D88700B6B7B5 /* EmojiDictionaryTests.xctest */;
			productType = "com.apple.product-type.bundle.unit-test";
		};
		8B45641D27E9D88700B6B7B5 /* EmojiDictionaryUITests */ = {
			isa = PBXNativeTarget;
			buildConfigurationList = 8B45642E27E9D88700B6B7B5 /* Build configuration list for PBXNativeTarget "EmojiDictionaryUITests" */;
			buildPhases = (
				8B45641A27E9D88700B6B7B5 /* Sources */,
				8B45641B27E9D88700B6B7B5 /* Frameworks */,
				8B45641C27E9D88700B6B7B5 /* Resources */,
			);
			buildRules = (
			);
			dependencies = (
				8B45642027E9D88700B6B7B5 /* PBXTargetDependency */,
			);
			name = EmojiDictionaryUITests;
			productName = EmojiDictionaryUITests;
			productReference = 8B45641E27E9D88700B6B7B5 /* EmojiDictionaryUITests.xctest */;
			productType = "com.apple.product-type.bundle.ui-testing";
		};
/* End PBXNativeTarget section */

/* Begin PBXProject section */
		8B4563F627E9D88300B6B7B5 /* Project object */ = {
			isa = PBXProject;
			attributes = {
				BuildIndependentTargetsInParallel = 1;
				LastSwiftUpdateCheck = 1330;
				LastUpgradeCheck = 1330;
				TargetAttributes = {
					8B4563FD27E9D88300B6B7B5 = {
						CreatedOnToolsVersion = 13.3;
					};
					8B45641327E9D88700B6B7B5 = {
						CreatedOnToolsVersion = 13.3;
						TestTargetID = 8B4563FD27E9D88300B6B7B5;
					};
					8B45641D27E9D88700B6B7B5 = {
						CreatedOnToolsVersion = 13.3;
						TestTargetID = 8B4563FD27E9D88300B6B7B5;
					};
				};
			};
			buildConfigurationList = 8B4563F927E9D88300B6B7B5 /* Build configuration list for PBXProject "EmojiDictionary" */;
			compatibilityVersion = "Xcode 13.0";
			developmentRegion = en;
			hasScannedForEncodings = 0;
			knownRegions = (
				en,
				Base,
			);
			mainGroup = 8B4563F527E9D88300B6B7B5;
			productRefGroup = 8B4563FF27E9D88300B6B7B5 /* Products */;
			projectDirPath = "";
			projectRoot = "";
			targets = (
				8B4563FD27E9D88300B6B7B5 /* EmojiDictionary */,
				8B45641327E9D88700B6B7B5 /* EmojiDictionaryTests */,
				8B45641D27E9D88700B6B7B5 /* EmojiDictionaryUITests */,
			);
		};
/* End PBXProject section */

/* Begin PBXResourcesBuildPhase section */
		8B4563FC27E9D88300B6B7B5 /* Resources */ = {
			isa = PBXResourcesBuildPhase;
			buildActionMask = 2147483647;
			files = (
				8B45640E27E9D88600B6B7B5 /* LaunchScreen.storyboard in Resources */,
				8B45640B27E9D88600B6B7B5 /* Assets.xcassets in Resources */,
				8B45640927E9D88300B6B7B5 /* Main.storyboard in Resources */,
			);
			runOnlyForDeploymentPostprocessing = 0;
		};
		8B45641227E9D88700B6B7B5 /* Resources */ = {
			isa = PBXResourcesBuildPhase;
			buildActionMask = 2147483647;
			files = (
			);
			runOnlyForDeploymentPostprocessing = 0;
		};
		8B45641C27E9D88700B6B7B5 /* Resources */ = {
			isa = PBXResourcesBuildPhase;
			buildActionMask = 2147483647;
			files = (
			);
			runOnlyForDeploymentPostprocessing = 0;
		};
/* End PBXResourcesBuildPhase section */

/* Begin PBXSourcesBuildPhase section */
		8B4563FA27E9D88300B6B7B5 /* Sources */ = {
			isa = PBXSourcesBuildPhase;
			buildActionMask = 2147483647;
			files = (
				8B45643627E9E85200B6B7B5 /* Emoji.swift in Sources */,
				8B45643427E9E37000B6B7B5 /* EmojiDefinitionViewController.swift in Sources */,
				8B45643227E9DCA000B6B7B5 /* EmojiTableViewController.swift in Sources */,
				8B45640627E9D88300B6B7B5 /* ViewController.swift in Sources */,
				8B45640227E9D88300B6B7B5 /* AppDelegate.swift in Sources */,
				8B45640427E9D88300B6B7B5 /* SceneDelegate.swift in Sources */,
			);
			runOnlyForDeploymentPostprocessing = 0;
		};
		8B45641027E9D88700B6B7B5 /* Sources */ = {
			isa = PBXSourcesBuildPhase;
			buildActionMask = 2147483647;
			files = (
				8B45641927E9D88700B6B7B5 /* EmojiDictionaryTests.swift in Sources */,
			);
			runOnlyForDeploymentPostprocessing = 0;
		};
		8B45641A27E9D88700B6B7B5 /* Sources */ = {
			isa = PBXSourcesBuildPhase;
			buildActionMask = 2147483647;
			files = (
				8B45642327E9D88700B6B7B5 /* EmojiDictionaryUITests.swift in Sources */,
				8B45642527E9D88700B6B7B5 /* EmojiDictionaryUITestsLaunchTests.swift in Sources */,
			);
			runOnlyForDeploymentPostprocessing = 0;
		};
/* End PBXSourcesBuildPhase section */

/* Begin PBXTargetDependency section */
		8B45641627E9D88700B6B7B5 /* PBXTargetDependency */ = {
			isa = PBXTargetDependency;
			target = 8B4563FD27E9D88300B6B7B5 /* EmojiDictionary */;
			targetProxy = 8B45641527E9D88700B6B7B5 /* PBXContainerItemProxy */;
		};
		8B45642027E9D88700B6B7B5 /* PBXTargetDependency */ = {
			isa = PBXTargetDependency;
			target = 8B4563FD27E9D88300B6B7B5 /* EmojiDictionary */;
			targetProxy = 8B45641F27E9D88700B6B7B5 /* PBXContainerItemProxy */;
		};
/* End PBXTargetDependency section */

/* Begin PBXVariantGroup section */
		8B45640727E9D88300B6B7B5 /* Main.storyboard */ = {
			isa = PBXVariantGroup;
			children = (
				8B45640827E9D88300B6B7B5 /* Base */,
			);
			name = Main.storyboard;
			sourceTree = "<group>";
		};
		8B45640C27E9D88600B6B7B5 /* LaunchScreen.storyboard */ = {
			isa = PBXVariantGroup;
			children = (
				8B45640D27E9D88600B6B7B5 /* Base */,
			);
			name = LaunchScreen.storyboard;
			sourceTree = "<group>";
		};
/* End PBXVariantGroup section */

/* Begin XCBuildConfiguration section */
		8B45642627E9D88700B6B7B5 /* Debug */ = {
			isa = XCBuildConfiguration;
			buildSettings = {
				ALWAYS_SEARCH_USER_PATHS = NO;
				CLANG_ANALYZER_NONNULL = YES;
				CLANG_ANALYZER_NUMBER_OBJECT_CONVERSION = YES_AGGRESSIVE;
				CLANG_CXX_LANGUAGE_STANDARD = "gnu++17";
				CLANG_ENABLE_MODULES = YES;
				CLANG_ENABLE_OBJC_ARC = YES;
				CLANG_ENABLE_OBJC_WEAK = YES;
				CLANG_WARN_BLOCK_CAPTURE_AUTORELEASING = YES;
				CLANG_WARN_BOOL_CONVERSION = YES;
				CLANG_WARN_COMMA = YES;
				CLANG_WARN_CONSTANT_CONVERSION = YES;
				CLANG_WARN_DEPRECATED_OBJC_IMPLEMENTATIONS = YES;
				CLANG_WARN_DIRECT_OBJC_ISA_USAGE = YES_ERROR;
				CLANG_WARN_DOCUMENTATION_COMMENTS = YES;
				CLANG_WARN_EMPTY_BODY = YES;
				CLANG_WARN_ENUM_CONVERSION = YES;
				CLANG_WARN_INFINITE_RECURSION = YES;
				CLANG_WARN_INT_CONVERSION = YES;
				CLANG_WARN_NON_LITERAL_NULL_CONVERSION = YES;
				CLANG_WARN_OBJC_IMPLICIT_RETAIN_SELF = YES;
				CLANG_WARN_OBJC_LITERAL_CONVERSION = YES;
				CLANG_WARN_OBJC_ROOT_CLASS = YES_ERROR;
				CLANG_WARN_QUOTED_INCLUDE_IN_FRAMEWORK_HEADER = YES;
				CLANG_WARN_RANGE_LOOP_ANALYSIS = YES;
				CLANG_WARN_STRICT_PROTOTYPES = YES;
				CLANG_WARN_SUSPICIOUS_MOVE = YES;
				CLANG_WARN_UNGUARDED_AVAILABILITY = YES_AGGRESSIVE;
				CLANG_WARN_UNREACHABLE_CODE = YES;
				CLANG_WARN__DUPLICATE_METHOD_MATCH = YES;
				COPY_PHASE_STRIP = NO;
				DEBUG_INFORMATION_FORMAT = dwarf;
				ENABLE_STRICT_OBJC_MSGSEND = YES;
				ENABLE_TESTABILITY = YES;
				GCC_C_LANGUAGE_STANDARD = gnu11;
				GCC_DYNAMIC_NO_PIC = NO;
				GCC_NO_COMMON_BLOCKS = YES;
				GCC_OPTIMIZATION_LEVEL = 0;
				GCC_PREPROCESSOR_DEFINITIONS = (
					"DEBUG=1",
					"$(inherited)",
				);
				GCC_WARN_64_TO_32_BIT_CONVERSION = YES;
				GCC_WARN_ABOUT_RETURN_TYPE = YES_ERROR;
				GCC_WARN_UNDECLARED_SELECTOR = YES;
				GCC_WARN_UNINITIALIZED_AUTOS = YES_AGGRESSIVE;
				GCC_WARN_UNUSED_FUNCTION = YES;
				GCC_WARN_UNUSED_VARIABLE = YES;
				IPHONEOS_DEPLOYMENT_TARGET = 15.4;
				MTL_ENABLE_DEBUG_INFO = INCLUDE_SOURCE;
				MTL_FAST_MATH = YES;
				ONLY_ACTIVE_ARCH = YES;
				SDKROOT = iphoneos;
				SWIFT_ACTIVE_COMPILATION_CONDITIONS = DEBUG;
				SWIFT_OPTIMIZATION_LEVEL = "-Onone";
			};
			name = Debug;
		};
		8B45642727E9D88700B6B7B5 /* Release */ = {
			isa = XCBuildConfiguration;
			buildSettings = {
				ALWAYS_SEARCH_USER_PATHS = NO;
				CLANG_ANALYZER_NONNULL = YES;
				CLANG_ANALYZER_NUMBER_OBJECT_CONVERSION = YES_AGGRESSIVE;
				CLANG_CXX_LANGUAGE_STANDARD = "gnu++17";
				CLANG_ENABLE_MODULES = YES;
				CLANG_ENABLE_OBJC_ARC = YES;
				CLANG_ENABLE_OBJC_WEAK = YES;
				CLANG_WARN_BLOCK_CAPTURE_AUTORELEASING = YES;
				CLANG_WARN_BOOL_CONVERSION = YES;
				CLANG_WARN_COMMA = YES;
				CLANG_WARN_CONSTANT_CONVERSION = YES;
				CLANG_WARN_DEPRECATED_OBJC_IMPLEMENTATIONS = YES;
				CLANG_WARN_DIRECT_OBJC_ISA_USAGE = YES_ERROR;
				CLANG_WARN_DOCUMENTATION_COMMENTS = YES;
				CLANG_WARN_EMPTY_BODY = YES;
				CLANG_WARN_ENUM_CONVERSION = YES;
				CLANG_WARN_INFINITE_RECURSION = YES;
				CLANG_WARN_INT_CONVERSION = YES;
				CLANG_WARN_NON_LITERAL_NULL_CONVERSION = YES;
				CLANG_WARN_OBJC_IMPLICIT_RETAIN_SELF = YES;
				CLANG_WARN_OBJC_LITERAL_CONVERSION = YES;
				CLANG_WARN_OBJC_ROOT_CLASS = YES_ERROR;
				CLANG_WARN_QUOTED_INCLUDE_IN_FRAMEWORK_HEADER = YES;
				CLANG_WARN_RANGE_LOOP_ANALYSIS = YES;
				CLANG_WARN_STRICT_PROTOTYPES = YES;
				CLANG_WARN_SUSPICIOUS_MOVE = YES;
				CLANG_WARN_UNGUARDED_AVAILABILITY = YES_AGGRESSIVE;
				CLANG_WARN_UNREACHABLE_CODE = YES;
				CLANG_WARN__DUPLICATE_METHOD_MATCH = YES;
				COPY_PHASE_STRIP = NO;
				DEBUG_INFORMATION_FORMAT = "dwarf-with-dsym";
				ENABLE_NS_ASSERTIONS = NO;
				ENABLE_STRICT_OBJC_MSGSEND = YES;
				GCC_C_LANGUAGE_STANDARD = gnu11;
				GCC_NO_COMMON_BLOCKS = YES;
				GCC_WARN_64_TO_32_BIT_CONVERSION = YES;
				GCC_WARN_ABOUT_RETURN_TYPE = YES_ERROR;
				GCC_WARN_UNDECLARED_SELECTOR = YES;
				GCC_WARN_UNINITIALIZED_AUTOS = YES_AGGRESSIVE;
				GCC_WARN_UNUSED_FUNCTION = YES;
				GCC_WARN_UNUSED_VARIABLE = YES;
				IPHONEOS_DEPLOYMENT_TARGET = 15.4;
				MTL_ENABLE_DEBUG_INFO = NO;
				MTL_FAST_MATH = YES;
				SDKROOT = iphoneos;
				SWIFT_COMPILATION_MODE = wholemodule;
				SWIFT_OPTIMIZATION_LEVEL = "-O";
				VALIDATE_PRODUCT = YES;
			};
			name = Release;
		};
		8B45642927E9D88700B6B7B5 /* Debug */ = {
			isa = XCBuildConfiguration;
			buildSettings = {
				ASSETCATALOG_COMPILER_APPICON_NAME = AppIcon;
				ASSETCATALOG_COMPILER_GLOBAL_ACCENT_COLOR_NAME = AccentColor;
				CODE_SIGN_STYLE = Automatic;
				CURRENT_PROJECT_VERSION = 1;
				GENERATE_INFOPLIST_FILE = YES;
				INFOPLIST_FILE = EmojiDictionary/Info.plist;
				INFOPLIST_KEY_UIApplicationSupportsIndirectInputEvents = YES;
				INFOPLIST_KEY_UILaunchStoryboardName = LaunchScreen;
				INFOPLIST_KEY_UIMainStoryboardFile = Main;
				INFOPLIST_KEY_UISupportedInterfaceOrientations_iPad = "UIInterfaceOrientationPortrait UIInterfaceOrientationPortraitUpsideDown UIInterfaceOrientationLandscapeLeft UIInterfaceOrientationLandscapeRight";
				INFOPLIST_KEY_UISupportedInterfaceOrientations_iPhone = "UIInterfaceOrientationPortrait UIInterfaceOrientationLandscapeLeft UIInterfaceOrientationLandscapeRight";
				LD_RUNPATH_SEARCH_PATHS = (
					"$(inherited)",
					"@executable_path/Frameworks",
				);
				MARKETING_VERSION = 1.0;
				PRODUCT_BUNDLE_IDENTIFIER = com.rricamar.EmojiDictionary;
				PRODUCT_NAME = "$(TARGET_NAME)";
				SWIFT_EMIT_LOC_STRINGS = YES;
				SWIFT_VERSION = 5.0;
				TARGETED_DEVICE_FAMILY = "1,2";
			};
			name = Debug;
		};
		8B45642A27E9D88700B6B7B5 /* Release */ = {
			isa = XCBuildConfiguration;
			buildSettings = {
				ASSETCATALOG_COMPILER_APPICON_NAME = AppIcon;
				ASSETCATALOG_COMPILER_GLOBAL_ACCENT_COLOR_NAME = AccentColor;
				CODE_SIGN_STYLE = Automatic;
				CURRENT_PROJECT_VERSION = 1;
				GENERATE_INFOPLIST_FILE = YES;
				INFOPLIST_FILE = EmojiDictionary/Info.plist;
				INFOPLIST_KEY_UIApplicationSupportsIndirectInputEvents = YES;
				INFOPLIST_KEY_UILaunchStoryboardName = LaunchScreen;
				INFOPLIST_KEY_UIMainStoryboardFile = Main;
				INFOPLIST_KEY_UISupportedInterfaceOrientations_iPad = "UIInterfaceOrientationPortrait UIInterfaceOrientationPortraitUpsideDown UIInterfaceOrientationLandscapeLeft UIInterfaceOrientationLandscapeRight";
				INFOPLIST_KEY_UISupportedInterfaceOrientations_iPhone = "UIInterfaceOrientationPortrait UIInterfaceOrientationLandscapeLeft UIInterfaceOrientationLandscapeRight";
				LD_RUNPATH_SEARCH_PATHS = (
					"$(inherited)",
					"@executable_path/Frameworks",
				);
				MARKETING_VERSION = 1.0;
				PRODUCT_BUNDLE_IDENTIFIER = com.rricamar.EmojiDictionary;
				PRODUCT_NAME = "$(TARGET_NAME)";
				SWIFT_EMIT_LOC_STRINGS = YES;
				SWIFT_VERSION = 5.0;
				TARGETED_DEVICE_FAMILY = "1,2";
			};
			name = Release;
		};
		8B45642C27E9D88700B6B7B5 /* Debug */ = {
			isa = XCBuildConfiguration;
			buildSettings = {
				ALWAYS_EMBED_SWIFT_STANDARD_LIBRARIES = YES;
				BUNDLE_LOADER = "$(TEST_HOST)";
				CODE_SIGN_STYLE = Automatic;
				CURRENT_PROJECT_VERSION = 1;
				GENERATE_INFOPLIST_FILE = YES;
				IPHONEOS_DEPLOYMENT_TARGET = 15.4;
				MARKETING_VERSION = 1.0;
				PRODUCT_BUNDLE_IDENTIFIER = com.rricamar.EmojiDictionaryTests;
				PRODUCT_NAME = "$(TARGET_NAME)";
				SWIFT_EMIT_LOC_STRINGS = NO;
				SWIFT_VERSION = 5.0;
				TARGETED_DEVICE_FAMILY = "1,2";
				TEST_HOST = "$(BUILT_PRODUCTS_DIR)/EmojiDictionary.app/EmojiDictionary";
			};
			name = Debug;
		};
		8B45642D27E9D88700B6B7B5 /* Release */ = {
			isa = XCBuildConfiguration;
			buildSettings = {
				ALWAYS_EMBED_SWIFT_STANDARD_LIBRARIES = YES;
				BUNDLE_LOADER = "$(TEST_HOST)";
				CODE_SIGN_STYLE = Automatic;
				CURRENT_PROJECT_VERSION = 1;
				GENERATE_INFOPLIST_FILE = YES;
				IPHONEOS_DEPLOYMENT_TARGET = 15.4;
				MARKETING_VERSION = 1.0;
				PRODUCT_BUNDLE_IDENTIFIER = com.rricamar.EmojiDictionaryTests;
				PRODUCT_NAME = "$(TARGET_NAME)";
				SWIFT_EMIT_LOC_STRINGS = NO;
				SWIFT_VERSION = 5.0;
				TARGETED_DEVICE_FAMILY = "1,2";
				TEST_HOST = "$(BUILT_PRODUCTS_DIR)/EmojiDictionary.app/EmojiDictionary";
			};
			name = Release;
		};
		8B45642F27E9D88700B6B7B5 /* Debug */ = {
			isa = XCBuildConfiguration;
			buildSettings = {
				ALWAYS_EMBED_SWIFT_STANDARD_LIBRARIES = YES;
				CODE_SIGN_STYLE = Automatic;
				CURRENT_PROJECT_VERSION = 1;
				GENERATE_INFOPLIST_FILE = YES;
				MARKETING_VERSION = 1.0;
				PRODUCT_BUNDLE_IDENTIFIER = com.rricamar.EmojiDictionaryUITests;
				PRODUCT_NAME = "$(TARGET_NAME)";
				SWIFT_EMIT_LOC_STRINGS = NO;
				SWIFT_VERSION = 5.0;
				TARGETED_DEVICE_FAMILY = "1,2";
				TEST_TARGET_NAME = EmojiDictionary;
			};
			name = Debug;
		};
		8B45643027E9D88700B6B7B5 /* Release */ = {
			isa = XCBuildConfiguration;
			buildSettings = {
				ALWAYS_EMBED_SWIFT_STANDARD_LIBRARIES = YES;
				CODE_SIGN_STYLE = Automatic;
				CURRENT_PROJECT_VERSION = 1;
				GENERATE_INFOPLIST_FILE = YES;
				MARKETING_VERSION = 1.0;
				PRODUCT_BUNDLE_IDENTIFIER = com.rricamar.EmojiDictionaryUITests;
				PRODUCT_NAME = "$(TARGET_NAME)";
				SWIFT_EMIT_LOC_STRINGS = NO;
				SWIFT_VERSION = 5.0;
				TARGETED_DEVICE_FAMILY = "1,2";
				TEST_TARGET_NAME = EmojiDictionary;
			};
			name = Release;
		};
/* End XCBuildConfiguration section */

/* Begin XCConfigurationList section */
		8B4563F927E9D88300B6B7B5 /* Build configuration list for PBXProject "EmojiDictionary" */ = {
			isa = XCConfigurationList;
			buildConfigurations = (
				8B45642627E9D88700B6B7B5 /* Debug */,
				8B45642727E9D88700B6B7B5 /* Release */,
			);
			defaultConfigurationIsVisible = 0;
			defaultConfigurationName = Release;
		};
		8B45642827E9D88700B6B7B5 /* Build configuration list for PBXNativeTarget "EmojiDictionary" */ = {
			isa = XCConfigurationList;
			buildConfigurations = (
				8B45642927E9D88700B6B7B5 /* Debug */,
				8B45642A27E9D88700B6B7B5 /* Release */,
			);
			defaultConfigurationIsVisible = 0;
			defaultConfigurationName = Release;
		};
		8B45642B27E9D88700B6B7B5 /* Build configuration list for PBXNativeTarget "EmojiDictionaryTests" */ = {
			isa = XCConfigurationList;
			buildConfigurations = (
				8B45642C27E9D88700B6B7B5 /* Debug */,
				8B45642D27E9D88700B6B7B5 /* Release */,
			);
			defaultConfigurationIsVisible = 0;
			defaultConfigurationName = Release;
		};
		8B45642E27E9D88700B6B7B5 /* Build configuration list for PBXNativeTarget "EmojiDictionaryUITests" */ = {
			isa = XCConfigurationList;
			buildConfigurations = (
				8B45642F27E9D88700B6B7B5 /* Debug */,
				8B45643027E9D88700B6B7B5 /* Release */,
			);
			defaultConfigurationIsVisible = 0;
			defaultConfigurationName = Release;
		};
/* End XCConfigurationList section */
	};
	rootObject = 8B4563F627E9D88300B6B7B5 /* Project object */;
}
